
Microsoft Visual Studio Solution File, Format Version 12.00
# Visual Studio Version 17
VisualStudioVersion = 17.14.36119.2 d17.14
MinimumVisualStudioVersion = 10.0.40219.1
Project("{FAE04EC0-301F-11D3-BF4B-00C04F79EFBC}") = "DbOperationsWithEfCore", "DbOperationsWithEfCore.csproj", "{2C5A8B56-856F-46DE-8BDC-E09099CA83DA}"
EndProject
Global
	GlobalSection(SolutionConfigurationPlatforms) = preSolution
		Debug|Any CPU = Debug|Any CPU
		Release|Any CPU = Release|Any CPU
	EndGlobalSection
	GlobalSection(ProjectConfigurationPlatforms) = postSolution
		{2C5A8B56-856F-46DE-8BDC-E09099CA83DA}.Debug|Any CPU.ActiveCfg = Debug|Any CPU
		{2C5A8B56-856F-46DE-8BDC-E09099CA83DA}.Debug|Any CPU.Build.0 = Debug|Any CPU
		{2C5A8B56-856F-46DE-8BDC-E09099CA83DA}.Release|Any CPU.ActiveCfg = Release|Any CPU
		{2C5A8B56-856F-46DE-8BDC-E09099CA83DA}.Release|Any CPU.Build.0 = Release|Any CPU
	EndGlobalSection
	GlobalSection(SolutionProperties) = preSolution
		HideSolutionNode = FALSE
	EndGlobalSection
	GlobalSection(ExtensibilityGlobals) = postSolution
		SolutionGuid = {59C47177-7D85-4607-BC86-F71E74493620}
	EndGlobalSection
EndGlobal
